
Microsoft Visual Studio Solution File, Format Version 12.00
# Visual Studio Version 17
VisualStudioVersion = 17.3.32825.248
MinimumVisualStudioVersion = 10.0.40219.1
Project("{9A19103F-16F7-4668-BE54-9A1E7A4F7556}") = "Week2", "Week2\Week2.csproj", "{C78391C1-E03B-412B-87F7-D4EB7044E565}"
EndProject
Project("{FAE04EC0-301F-11D3-BF4B-00C04F79EFBC}") = "UserGenderValidation", "UserGenderValidation\UserGenderValidation.csproj", "{F6C2FEC6-1602-4066-BB16-FED560DF65C9}"
EndProject
Project("{FAE04EC0-301F-11D3-BF4B-00C04F79EFBC}") = "UserAgeValidation", "UserAgeValidation\UserAgeValidation.csproj", "{FE688441-915D-4A11-B4C7-8325AAF20CE8}"
EndProject
Global
	GlobalSection(SolutionConfigurationPlatforms) = preSolution
		Debug|Any CPU = Debug|Any CPU
		Release|Any CPU = Release|Any CPU
	EndGlobalSection
	GlobalSection(ProjectConfigurationPlatforms) = postSolution
		{C78391C1-E03B-412B-87F7-D4EB7044E565}.Debug|Any CPU.ActiveCfg = Debug|Any CPU
		{C78391C1-E03B-412B-87F7-D4EB7044E565}.Debug|Any CPU.Build.0 = Debug|Any CPU
		{C78391C1-E03B-412B-87F7-D4EB7044E565}.Release|Any CPU.ActiveCfg = Release|Any CPU
		{C78391C1-E03B-412B-87F7-D4EB7044E565}.Release|Any CPU.Build.0 = Release|Any CPU
		{F6C2FEC6-1602-4066-BB16-FED560DF65C9}.Debug|Any CPU.ActiveCfg = Debug|Any CPU
		{F6C2FEC6-1602-4066-BB16-FED560DF65C9}.Debug|Any CPU.Build.0 = Debug|Any CPU
		{F6C2FEC6-1602-4066-BB16-FED560DF65C9}.Release|Any CPU.ActiveCfg = Release|Any CPU
		{F6C2FEC6-1602-4066-BB16-FED560DF65C9}.Release|Any CPU.Build.0 = Release|Any CPU
		{FE688441-915D-4A11-B4C7-8325AAF20CE8}.Debug|Any CPU.ActiveCfg = Debug|Any CPU
		{FE688441-915D-4A11-B4C7-8325AAF20CE8}.Debug|Any CPU.Build.0 = Debug|Any CPU
		{FE688441-915D-4A11-B4C7-8325AAF20CE8}.Release|Any CPU.ActiveCfg = Release|Any CPU
		{FE688441-915D-4A11-B4C7-8325AAF20CE8}.Release|Any CPU.Build.0 = Release|Any CPU
	EndGlobalSection
	GlobalSection(SolutionProperties) = preSolution
		HideSolutionNode = FALSE
	EndGlobalSection
	GlobalSection(ExtensibilityGlobals) = postSolution
		SolutionGuid = {0F369263-E99C-4ACD-BAD6-312DB7AB3AE7}
	EndGlobalSection
EndGlobal
